
Microsoft Visual Studio Solution File, Format Version 12.00
# Visual Studio 15
VisualStudioVersion = 15.0.28307.1169
MinimumVisualStudioVersion = 10.0.40219.1
Project("{FAE04EC0-301F-11D3-BF4B-00C04F79EFBC}") = "WebApplication2_testGit", "WebApplication2_testGit\WebApplication2_testGit.csproj", "{113D9BD5-0033-4544-A883-44D1DAA102DB}"
EndProject
Global
	GlobalSection(SolutionConfigurationPlatforms) = preSolution
		Debug|Any CPU = Debug|Any CPU
		Release|Any CPU = Release|Any CPU
	EndGlobalSection
	GlobalSection(ProjectConfigurationPlatforms) = postSolution
		{113D9BD5-0033-4544-A883-44D1DAA102DB}.Debug|Any CPU.ActiveCfg = Debug|Any CPU
		{113D9BD5-0033-4544-A883-44D1DAA102DB}.Debug|Any CPU.Build.0 = Debug|Any CPU
		{113D9BD5-0033-4544-A883-44D1DAA102DB}.Release|Any CPU.ActiveCfg = Release|Any CPU
		{113D9BD5-0033-4544-A883-44D1DAA102DB}.Release|Any CPU.Build.0 = Release|Any CPU
	EndGlobalSection
	GlobalSection(SolutionProperties) = preSolution
		HideSolutionNode = FALSE
	EndGlobalSection
	GlobalSection(ExtensibilityGlobals) = postSolution
		SolutionGuid = {B6FD3BB8-4F0F-4C7E-851A-09D319C97F4A}
	EndGlobalSection
EndGlobal
